
Microsoft Visual Studio Solution File, Format Version 12.00
# Visual Studio 15
VisualStudioVersion = 15.0.28307.489
MinimumVisualStudioVersion = 10.0.40219.1
Project("{FAE04EC0-301F-11D3-BF4B-00C04F79EFBC}") = "Socaleb", "Socaleb\Socaleb.csproj", "{EFF893AF-0368-4ED5-B802-EF6289BCAA07}"
EndProject
Global
	GlobalSection(SolutionConfigurationPlatforms) = preSolution
		Debug|Any CPU = Debug|Any CPU
		Release|Any CPU = Release|Any CPU
	EndGlobalSection
	GlobalSection(ProjectConfigurationPlatforms) = postSolution
		{EFF893AF-0368-4ED5-B802-EF6289BCAA07}.Debug|Any CPU.ActiveCfg = Debug|Any CPU
		{EFF893AF-0368-4ED5-B802-EF6289BCAA07}.Debug|Any CPU.Build.0 = Debug|Any CPU
		{EFF893AF-0368-4ED5-B802-EF6289BCAA07}.Release|Any CPU.ActiveCfg = Release|Any CPU
		{EFF893AF-0368-4ED5-B802-EF6289BCAA07}.Release|Any CPU.Build.0 = Release|Any CPU
	EndGlobalSection
	GlobalSection(SolutionProperties) = preSolution
		HideSolutionNode = FALSE
	EndGlobalSection
	GlobalSection(ExtensibilityGlobals) = postSolution
		SolutionGuid = {FD1C2F84-7FBD-4C50-A4A5-3A3E2D4EFA49}
	EndGlobalSection
EndGlobal
